
Microsoft Visual Studio Solution File, Format Version 12.00
# Visual Studio Version 16
VisualStudioVersion = 16.0.29920.165
MinimumVisualStudioVersion = 10.0.40219.1
Project("{FAE04EC0-301F-11D3-BF4B-00C04F79EFBC}") = "avr-identify", "avr-identify\avr-identify.csproj", "{7DA0DB2E-2844-4711-84E6-2F07C9559692}"
EndProject
Global
	GlobalSection(SolutionConfigurationPlatforms) = preSolution
		Debug|Any CPU = Debug|Any CPU
		Release|Any CPU = Release|Any CPU
	EndGlobalSection
	GlobalSection(ProjectConfigurationPlatforms) = postSolution
		{7DA0DB2E-2844-4711-84E6-2F07C9559692}.Debug|Any CPU.ActiveCfg = Debug|Any CPU
		{7DA0DB2E-2844-4711-84E6-2F07C9559692}.Debug|Any CPU.Build.0 = Debug|Any CPU
		{7DA0DB2E-2844-4711-84E6-2F07C9559692}.Release|Any CPU.ActiveCfg = Release|Any CPU
		{7DA0DB2E-2844-4711-84E6-2F07C9559692}.Release|Any CPU.Build.0 = Release|Any CPU
	EndGlobalSection
	GlobalSection(SolutionProperties) = preSolution
		HideSolutionNode = FALSE
	EndGlobalSection
	GlobalSection(ExtensibilityGlobals) = postSolution
		SolutionGuid = {D55B95FE-F9CE-47F4-B9A6-25B89D45ADD0}
	EndGlobalSection
EndGlobal
